
Microsoft Visual Studio Solution File, Format Version 12.00
# Visual Studio 15
VisualStudioVersion = 15.0.28307.572
MinimumVisualStudioVersion = 10.0.40219.1
Project("{FAE04EC0-301F-11D3-BF4B-00C04F79EFBC}") = "VisitorPattern", "VisitorPattern\VisitorPattern.csproj", "{07D0722E-790F-406E-BF23-642618A6A80A}"
EndProject
Project("{FAE04EC0-301F-11D3-BF4B-00C04F79EFBC}") = "ChainOfResponsibility", "ChainOfResponsibility\ChainOfResponsibility.csproj", "{88A581A8-8B0E-49E5-8159-73E766092E9C}"
EndProject
Global
	GlobalSection(SolutionConfigurationPlatforms) = preSolution
		Debug|Any CPU = Debug|Any CPU
		Release|Any CPU = Release|Any CPU
	EndGlobalSection
	GlobalSection(ProjectConfigurationPlatforms) = postSolution
		{07D0722E-790F-406E-BF23-642618A6A80A}.Debug|Any CPU.ActiveCfg = Debug|Any CPU
		{07D0722E-790F-406E-BF23-642618A6A80A}.Debug|Any CPU.Build.0 = Debug|Any CPU
		{07D0722E-790F-406E-BF23-642618A6A80A}.Release|Any CPU.ActiveCfg = Release|Any CPU
		{07D0722E-790F-406E-BF23-642618A6A80A}.Release|Any CPU.Build.0 = Release|Any CPU
		{88A581A8-8B0E-49E5-8159-73E766092E9C}.Debug|Any CPU.ActiveCfg = Debug|Any CPU
		{88A581A8-8B0E-49E5-8159-73E766092E9C}.Debug|Any CPU.Build.0 = Debug|Any CPU
		{88A581A8-8B0E-49E5-8159-73E766092E9C}.Release|Any CPU.ActiveCfg = Release|Any CPU
		{88A581A8-8B0E-49E5-8159-73E766092E9C}.Release|Any CPU.Build.0 = Release|Any CPU
	EndGlobalSection
	GlobalSection(SolutionProperties) = preSolution
		HideSolutionNode = FALSE
	EndGlobalSection
	GlobalSection(ExtensibilityGlobals) = postSolution
		SolutionGuid = {5117E23F-26D8-4A48-8027-3BC32E280494}
	EndGlobalSection
EndGlobal
